
Microsoft Visual Studio Solution File, Format Version 12.00
# Visual Studio Version 17
VisualStudioVersion = 17.13.35913.81 d17.13
MinimumVisualStudioVersion = 10.0.40219.1
Project("{FAE04EC0-301F-11D3-BF4B-00C04F79EFBC}") = "ImageProccesingApp 2attempt", "ImageProccesingApp 2attempt\ImageProccesingApp 2attempt.csproj", "{113E4976-B144-42C9-9406-9179A19A39BB}"
EndProject
Global
	GlobalSection(SolutionConfigurationPlatforms) = preSolution
		Debug|Any CPU = Debug|Any CPU
		Release|Any CPU = Release|Any CPU
	EndGlobalSection
	GlobalSection(ProjectConfigurationPlatforms) = postSolution
		{113E4976-B144-42C9-9406-9179A19A39BB}.Debug|Any CPU.ActiveCfg = Debug|Any CPU
		{113E4976-B144-42C9-9406-9179A19A39BB}.Debug|Any CPU.Build.0 = Debug|Any CPU
		{113E4976-B144-42C9-9406-9179A19A39BB}.Release|Any CPU.ActiveCfg = Release|Any CPU
		{113E4976-B144-42C9-9406-9179A19A39BB}.Release|Any CPU.Build.0 = Release|Any CPU
	EndGlobalSection
	GlobalSection(SolutionProperties) = preSolution
		HideSolutionNode = FALSE
	EndGlobalSection
	GlobalSection(ExtensibilityGlobals) = postSolution
		SolutionGuid = {7607AA05-2256-4B1F-9B03-71E7BE5D86AA}
	EndGlobalSection
EndGlobal
